
Microsoft Visual Studio Solution File, Format Version 12.00
# Visual Studio Version 17
VisualStudioVersion = 17.14.36915.13 d17.14
MinimumVisualStudioVersion = 10.0.40219.1
Project("{FAE04EC0-301F-11D3-BF4B-00C04F79EFBC}") = "BlogShare", "BlogShare.csproj", "{4289CC5A-E0AB-4EF3-8FB7-CFFD10717944}"
EndProject
Global
	GlobalSection(SolutionConfigurationPlatforms) = preSolution
		Debug|Any CPU = Debug|Any CPU
		Release|Any CPU = Release|Any CPU
	EndGlobalSection
	GlobalSection(ProjectConfigurationPlatforms) = postSolution
		{4289CC5A-E0AB-4EF3-8FB7-CFFD10717944}.Debug|Any CPU.ActiveCfg = Debug|Any CPU
		{4289CC5A-E0AB-4EF3-8FB7-CFFD10717944}.Debug|Any CPU.Build.0 = Debug|Any CPU
		{4289CC5A-E0AB-4EF3-8FB7-CFFD10717944}.Release|Any CPU.ActiveCfg = Release|Any CPU
		{4289CC5A-E0AB-4EF3-8FB7-CFFD10717944}.Release|Any CPU.Build.0 = Release|Any CPU
	EndGlobalSection
	GlobalSection(SolutionProperties) = preSolution
		HideSolutionNode = FALSE
	EndGlobalSection
	GlobalSection(ExtensibilityGlobals) = postSolution
		SolutionGuid = {DE7BCFCD-086F-474F-A11D-C91CDB70C7D7}
	EndGlobalSection
EndGlobal
